
Microsoft Visual Studio Solution File, Format Version 12.00
# Visual Studio Version 17
VisualStudioVersion = 17.5.33414.496
MinimumVisualStudioVersion = 10.0.40219.1
Project("{FAE04EC0-301F-11D3-BF4B-00C04F79EFBC}") = "FinancialDailySummary", "FinancialDailySummary\FinancialDailySummary.csproj", "{36B1F119-4F37-4721-8B9B-F93F81DDBF0C}"
EndProject
Global
	GlobalSection(SolutionConfigurationPlatforms) = preSolution
		Debug|Any CPU = Debug|Any CPU
		Release|Any CPU = Release|Any CPU
	EndGlobalSection
	GlobalSection(ProjectConfigurationPlatforms) = postSolution
		{36B1F119-4F37-4721-8B9B-F93F81DDBF0C}.Debug|Any CPU.ActiveCfg = Debug|Any CPU
		{36B1F119-4F37-4721-8B9B-F93F81DDBF0C}.Debug|Any CPU.Build.0 = Debug|Any CPU
		{36B1F119-4F37-4721-8B9B-F93F81DDBF0C}.Release|Any CPU.ActiveCfg = Release|Any CPU
		{36B1F119-4F37-4721-8B9B-F93F81DDBF0C}.Release|Any CPU.Build.0 = Release|Any CPU
	EndGlobalSection
	GlobalSection(SolutionProperties) = preSolution
		HideSolutionNode = FALSE
	EndGlobalSection
	GlobalSection(ExtensibilityGlobals) = postSolution
		SolutionGuid = {836D1908-A0A3-4ABE-9893-0613DF669532}
	EndGlobalSection
EndGlobal
